// !$*UTF8*$!
{
	archiveVersion = 1;
	classes = {
	};
	objectVersion = 46;
	objects = {

/* Begin PBXBuildFile section */
		9509928017CCD9FC00E7EBF7 /* libPayPalMobile.a in Frameworks */ = {isa = PBXBuildFile; fileRef = 9509927C17CCD9FC00E7EBF7 /* libPayPalMobile.a */; };
		9509929217CCDB0D00E7EBF7 /* libTestFlight.a in Frameworks */ = {isa = PBXBuildFile; fileRef = 9509928C17CCDB0D00E7EBF7 /* libTestFlight.a */; };
		9509929317CCDB0D00E7EBF7 /* README.md in Resources */ = {isa = PBXBuildFile; fileRef = 9509928D17CCDB0D00E7EBF7 /* README.md */; };
		9509929417CCDB0D00E7EBF7 /* release_notes.md in Resources */ = {isa = PBXBuildFile; fileRef = 9509928E17CCDB0D00E7EBF7 /* release_notes.md */; };
		9533E499179BE0000042473A /* StoreKit.framework in Frameworks */ = {isa = PBXBuildFile; fileRef = 9533E498179BE0000042473A /* StoreKit.framework */; };
		95383BC817984F2700745084 /* UIKit.framework in Frameworks */ = {isa = PBXBuildFile; fileRef = 95383BC717984F2700745084 /* UIKit.framework */; };
		95383BCA17984F2700745084 /* Foundation.framework in Frameworks */ = {isa = PBXBuildFile; fileRef = 95383BC917984F2700745084 /* Foundation.framework */; };
		95383BCC17984F2700745084 /* CoreGraphics.framework in Frameworks */ = {isa = PBXBuildFile; fileRef = 95383BCB17984F2700745084 /* CoreGraphics.framework */; };
		95383BD217984F2700745084 /* InfoPlist.strings in Resources */ = {isa = PBXBuildFile; fileRef = 95383BD017984F2700745084 /* InfoPlist.strings */; };
		95383BD417984F2700745084 /* main.m in Sources */ = {isa = PBXBuildFile; fileRef = 95383BD317984F2700745084 /* main.m */; };
		95383BD817984F2700745084 /* D2SBAppDelegate.m in Sources */ = {isa = PBXBuildFile; fileRef = 95383BD717984F2700745084 /* D2SBAppDelegate.m */; };
		95383BDA17984F2700745084 /* Default.png in Resources */ = {isa = PBXBuildFile; fileRef = 95383BD917984F2700745084 /* Default.png */; };
		95383BDC17984F2700745084 /* Default@2x.png in Resources */ = {isa = PBXBuildFile; fileRef = 95383BDB17984F2700745084 /* Default@2x.png */; };
		95383BDE17984F2700745084 /* Default-568h@2x.png in Resources */ = {isa = PBXBuildFile; fileRef = 95383BDD17984F2700745084 /* Default-568h@2x.png */; };
		95383BE117984F2700745084 /* Storyboard.storyboard in Resources */ = {isa = PBXBuildFile; fileRef = 95383BDF17984F2700745084 /* Storyboard.storyboard */; };
		95383BE417984F2700745084 /* D2SBMasterViewController.m in Sources */ = {isa = PBXBuildFile; fileRef = 95383BE317984F2700745084 /* D2SBMasterViewController.m */; };
		95383BE717984F2700745084 /* D2SBDetailViewController.m in Sources */ = {isa = PBXBuildFile; fileRef = 95383BE617984F2700745084 /* D2SBDetailViewController.m */; };
		95383C031798584E00745084 /* AVFoundation.framework in Frameworks */ = {isa = PBXBuildFile; fileRef = 95383C021798584E00745084 /* AVFoundation.framework */; };
		953CCA411799EF750001DB16 /* background-568h@2x.png in Resources */ = {isa = PBXBuildFile; fileRef = 953CCA401799EF750001DB16 /* background-568h@2x.png */; };
		953E6A5D17A7D192000EC8AB /* magnify.png in Resources */ = {isa = PBXBuildFile; fileRef = 953E6A5B17A7D192000EC8AB /* magnify.png */; };
		953E6A5E17A7D192000EC8AB /* magnify@2x.png in Resources */ = {isa = PBXBuildFile; fileRef = 953E6A5C17A7D192000EC8AB /* magnify@2x.png */; };
		9544DB7A17A8B04D00910B8B /* AFAmazonS3Client.m in Sources */ = {isa = PBXBuildFile; fileRef = 9544DB7917A8B04D00910B8B /* AFAmazonS3Client.m */; };
		9545CE6617C9E856009DEAFB /* Base64.m in Sources */ = {isa = PBXBuildFile; fileRef = 9545CE6517C9E856009DEAFB /* Base64.m */; };
		9549582317CBE6DB00F7C2B6 /* AudioToolbox.framework in Frameworks */ = {isa = PBXBuildFile; fileRef = 9549582217CBE6DB00F7C2B6 /* AudioToolbox.framework */; };
		9549582517CBE6E700F7C2B6 /* CoreMedia.framework in Frameworks */ = {isa = PBXBuildFile; fileRef = 9549582417CBE6E700F7C2B6 /* CoreMedia.framework */; };
		9549582717CBE6EB00F7C2B6 /* CoreVideo.framework in Frameworks */ = {isa = PBXBuildFile; fileRef = 9549582617CBE6EB00F7C2B6 /* CoreVideo.framework */; };
		9549582917CBE6F300F7C2B6 /* libxml2.dylib in Frameworks */ = {isa = PBXBuildFile; fileRef = 9549582817CBE6F300F7C2B6 /* libxml2.dylib */; };
		9549582B17CBE6FC00F7C2B6 /* MessageUI.framework in Frameworks */ = {isa = PBXBuildFile; fileRef = 9549582A17CBE6FC00F7C2B6 /* MessageUI.framework */; };
		9549582D17CBE70600F7C2B6 /* OpenGLES.framework in Frameworks */ = {isa = PBXBuildFile; fileRef = 9549582C17CBE70600F7C2B6 /* OpenGLES.framework */; };
		9549583017CBE90E00F7C2B6 /* piggy-bank.png in Resources */ = {isa = PBXBuildFile; fileRef = 9549582E17CBE90E00F7C2B6 /* piggy-bank.png */; };
		9549583117CBE90E00F7C2B6 /* piggy-bank@2x.png in Resources */ = {isa = PBXBuildFile; fileRef = 9549582F17CBE90E00F7C2B6 /* piggy-bank@2x.png */; };
		954CCE8A179B03910044477C /* libMBProgressHUD.a in Frameworks */ = {isa = PBXBuildFile; fileRef = 95D8321E179B01DD0062A6DF /* libMBProgressHUD.a */; };
		955DE6E517A4195D00147EFD /* Icon@2x.png in Resources */ = {isa = PBXBuildFile; fileRef = 955DE6E417A4195D00147EFD /* Icon@2x.png */; };
		955DE6E717A4196100147EFD /* Icon.png in Resources */ = {isa = PBXBuildFile; fileRef = 955DE6E617A4196100147EFD /* Icon.png */; };
		955DE6F017A4197100147EFD /* Icon-72.png in Resources */ = {isa = PBXBuildFile; fileRef = 955DE6E817A4197100147EFD /* Icon-72.png */; };
		955DE6F117A4197100147EFD /* Icon-72@2x.png in Resources */ = {isa = PBXBuildFile; fileRef = 955DE6E917A4197100147EFD /* Icon-72@2x.png */; };
		955DE6F217A4197100147EFD /* Icon-Small-50.png in Resources */ = {isa = PBXBuildFile; fileRef = 955DE6EA17A4197100147EFD /* Icon-Small-50.png */; };
		955DE6F317A4197100147EFD /* Icon-Small-50@2x.png in Resources */ = {isa = PBXBuildFile; fileRef = 955DE6EB17A4197100147EFD /* Icon-Small-50@2x.png */; };
		955DE6F417A4197100147EFD /* Icon-Small.png in Resources */ = {isa = PBXBuildFile; fileRef = 955DE6EC17A4197100147EFD /* Icon-Small.png */; };
		955DE6F517A4197100147EFD /* Icon-Small@2x.png in Resources */ = {isa = PBXBuildFile; fileRef = 955DE6ED17A4197100147EFD /* Icon-Small@2x.png */; };
		955DE6F617A4197100147EFD /* iTunesArtwork in Resources */ = {isa = PBXBuildFile; fileRef = 955DE6EE17A4197100147EFD /* iTunesArtwork */; };
		955DE6F717A4197100147EFD /* iTunesArtwork@2x in Resources */ = {isa = PBXBuildFile; fileRef = 955DE6EF17A4197100147EFD /* iTunesArtwork@2x */; };
		9563EE171799BCCD0003742A /* MobileCoreServices.framework in Frameworks */ = {isa = PBXBuildFile; fileRef = 9563EE161799BCCD0003742A /* MobileCoreServices.framework */; };
		9563EE191799BCEE0003742A /* SystemConfiguration.framework in Frameworks */ = {isa = PBXBuildFile; fileRef = 9563EE181799BCEE0003742A /* SystemConfiguration.framework */; };
		9563EE1B1799BD830003742A /* CFNetwork.framework in Frameworks */ = {isa = PBXBuildFile; fileRef = 9563EE1A1799BD830003742A /* CFNetwork.framework */; };
		9563EE1D1799BD870003742A /* Security.framework in Frameworks */ = {isa = PBXBuildFile; fileRef = 9563EE1C1799BD870003742A /* Security.framework */; };
		9565AA2A1799B09400DEE611 /* heroes.xml in Resources */ = {isa = PBXBuildFile; fileRef = 9565AA291799B09400DEE611 /* heroes.xml */; };
		95674657179CBEB9002C8710 /* MYIntroductionPanel.m in Sources */ = {isa = PBXBuildFile; fileRef = 95674654179CBEB9002C8710 /* MYIntroductionPanel.m */; };
		95674658179CBEB9002C8710 /* MYIntroductionView.m in Sources */ = {isa = PBXBuildFile; fileRef = 95674656179CBEB9002C8710 /* MYIntroductionView.m */; };
		956B21F717A3117F00EF6130 /* libz.dylib in Frameworks */ = {isa = PBXBuildFile; fileRef = 956B21F617A3117F00EF6130 /* libz.dylib */; };
		95A7A760179A1267005C0035 /* background.png in Resources */ = {isa = PBXBuildFile; fileRef = 95A7A75E179A1267005C0035 /* background.png */; };
		95A7A761179A1267005C0035 /* background@2x.png in Resources */ = {isa = PBXBuildFile; fileRef = 95A7A75F179A1267005C0035 /* background@2x.png */; };
		95A7A767179A1860005C0035 /* QuartzCore.framework in Frameworks */ = {isa = PBXBuildFile; fileRef = 95A7A766179A1860005C0035 /* QuartzCore.framework */; };
		95CD93B817B3DE6500EBF727 /* libSoundboard.a in Frameworks */ = {isa = PBXBuildFile; fileRef = 95CD93B517B3DE3B00EBF727 /* libSoundboard.a */; };
		95D22582179C7E3F00639253 /* BlockActionSheet.m in Sources */ = {isa = PBXBuildFile; fileRef = 95D22579179C7E3F00639253 /* BlockActionSheet.m */; };
		95D22583179C7E3F00639253 /* BlockAlertView.m in Sources */ = {isa = PBXBuildFile; fileRef = 95D2257B179C7E3F00639253 /* BlockAlertView.m */; };
		95D22584179C7E3F00639253 /* BlockBackground.m in Sources */ = {isa = PBXBuildFile; fileRef = 95D2257D179C7E3F00639253 /* BlockBackground.m */; };
		95D22585179C7E3F00639253 /* BlockTableAlertView.m in Sources */ = {isa = PBXBuildFile; fileRef = 95D2257F179C7E3F00639253 /* BlockTableAlertView.m */; };
		95D22586179C7E3F00639253 /* BlockTextPromptAlertView.m in Sources */ = {isa = PBXBuildFile; fileRef = 95D22581179C7E3F00639253 /* BlockTextPromptAlertView.m */; };
		95D2259F179C7ED300639253 /* alert-black-button.png in Resources */ = {isa = PBXBuildFile; fileRef = 95D22591179C7ED300639253 /* alert-black-button.png */; };
		95D225A0179C7ED300639253 /* alert-black-button@2x.png in Resources */ = {isa = PBXBuildFile; fileRef = 95D22592179C7ED300639253 /* alert-black-button@2x.png */; };
		95D225A1179C7ED300639253 /* alert-gray-button.png in Resources */ = {isa = PBXBuildFile; fileRef = 95D22593179C7ED300639253 /* alert-gray-button.png */; };
		95D225A2179C7ED300639253 /* alert-gray-button@2x.png in Resources */ = {isa = PBXBuildFile; fileRef = 95D22594179C7ED300639253 /* alert-gray-button@2x.png */; };
		95D225A3179C7ED300639253 /* alert-green-button.png in Resources */ = {isa = PBXBuildFile; fileRef = 95D22595179C7ED300639253 /* alert-green-button.png */; };
		95D225A4179C7ED300639253 /* alert-green-button@2x.png in Resources */ = {isa = PBXBuildFile; fileRef = 95D22596179C7ED300639253 /* alert-green-button@2x.png */; };
		95D225A5179C7ED300639253 /* alert-red-button.png in Resources */ = {isa = PBXBuildFile; fileRef = 95D22597179C7ED300639253 /* alert-red-button.png */; };
		95D225A6179C7ED300639253 /* alert-red-button@2x.png in Resources */ = {isa = PBXBuildFile; fileRef = 95D22598179C7ED300639253 /* alert-red-button@2x.png */; };
		95D225A7179C7ED300639253 /* alert-window-landscape.png in Resources */ = {isa = PBXBuildFile; fileRef = 95D22599179C7ED300639253 /* alert-window-landscape.png */; };
		95D225A8179C7ED300639253 /* alert-window-landscape@2x.png in Resources */ = {isa = PBXBuildFile; fileRef = 95D2259A179C7ED300639253 /* alert-window-landscape@2x.png */; };
		95D225A9179C7ED300639253 /* alert-window.png in Resources */ = {isa = PBXBuildFile; fileRef = 95D2259B179C7ED300639253 /* alert-window.png */; };
		95D225AA179C7ED300639253 /* alert-window@2x.png in Resources */ = {isa = PBXBuildFile; fileRef = 95D2259C179C7ED300639253 /* alert-window@2x.png */; };
		95D225AB179C7ED300639253 /* alert-yellow-button.png in Resources */ = {isa = PBXBuildFile; fileRef = 95D2259D179C7ED300639253 /* alert-yellow-button.png */; };
		95D225AC179C7ED300639253 /* alert-yellow-button@2x.png in Resources */ = {isa = PBXBuildFile; fileRef = 95D2259E179C7ED300639253 /* alert-yellow-button@2x.png */; };
		95D83232179B02130062A6DF /* AFHTTPClient.m in Sources */ = {isa = PBXBuildFile; fileRef = 95D83229179B02130062A6DF /* AFHTTPClient.m */; };
		95D83233179B02130062A6DF /* AFHTTPRequestOperation.m in Sources */ = {isa = PBXBuildFile; fileRef = 95D8322A179B02130062A6DF /* AFHTTPRequestOperation.m */; };
		95D83234179B02130062A6DF /* AFImageRequestOperation.m in Sources */ = {isa = PBXBuildFile; fileRef = 95D8322B179B02130062A6DF /* AFImageRequestOperation.m */; };
		95D83235179B02130062A6DF /* AFJSONRequestOperation.m in Sources */ = {isa = PBXBuildFile; fileRef = 95D8322C179B02130062A6DF /* AFJSONRequestOperation.m */; };
		95D83236179B02130062A6DF /* AFNetworkActivityIndicatorManager.m in Sources */ = {isa = PBXBuildFile; fileRef = 95D8322D179B02130062A6DF /* AFNetworkActivityIndicatorManager.m */; };
		95D83237179B02130062A6DF /* AFPropertyListRequestOperation.m in Sources */ = {isa = PBXBuildFile; fileRef = 95D8322E179B02130062A6DF /* AFPropertyListRequestOperation.m */; };
		95D83238179B02130062A6DF /* AFURLConnectionOperation.m in Sources */ = {isa = PBXBuildFile; fileRef = 95D8322F179B02130062A6DF /* AFURLConnectionOperation.m */; };
		95D83239179B02130062A6DF /* AFXMLRequestOperation.m in Sources */ = {isa = PBXBuildFile; fileRef = 95D83230179B02130062A6DF /* AFXMLRequestOperation.m */; };
		95D8323A179B02130062A6DF /* UIImageView+AFNetworking.m in Sources */ = {isa = PBXBuildFile; fileRef = 95D83231179B02130062A6DF /* UIImageView+AFNetworking.m */; };
		95D8323F179B02450062A6DF /* AbstractActionSheetPicker.m in Sources */ = {isa = PBXBuildFile; fileRef = 95D8323D179B02450062A6DF /* AbstractActionSheetPicker.m */; };
		95D83240179B02450062A6DF /* ActionSheetStringPicker.m in Sources */ = {isa = PBXBuildFile; fileRef = 95D8323E179B02450062A6DF /* ActionSheetStringPicker.m */; };
		95DA1E57179B4C9300FC2817 /* Announcer.sb in Resources */ = {isa = PBXBuildFile; fileRef = 95DA1E56179B4C9300FC2817 /* Announcer.sb */; };
/* End PBXBuildFile section */

/* Begin PBXContainerItemProxy section */
		95CD93B417B3DE3B00EBF727 /* PBXContainerItemProxy */ = {
			isa = PBXContainerItemProxy;
			containerPortal = 95CD93AF17B3DE3B00EBF727 /* Soundboard.xcodeproj */;
			proxyType = 2;
			remoteGlobalIDString = 95383B8717984E9400745084;
			remoteInfo = Soundboard;
		};
		95D8321D179B01DD0062A6DF /* PBXContainerItemProxy */ = {
			isa = PBXContainerItemProxy;
			containerPortal = 95D83219179B01DC0062A6DF /* MBProgressHUD.xcodeproj */;
			proxyType = 2;
			remoteGlobalIDString = D286A7491518C70F00E13FB8;
			remoteInfo = MBProgressHUD;
		};
/* End PBXContainerItemProxy section */

/* Begin PBXFileReference section */
		9509927C17CCD9FC00E7EBF7 /* libPayPalMobile.a */ = {isa = PBXFileReference; lastKnownFileType = archive.ar; path = libPayPalMobile.a; sourceTree = "<group>"; };
		9509927D17CCD9FC00E7EBF7 /* PayPalMobile.h */ = {isa = PBXFileReference; fileEncoding = 4; lastKnownFileType = sourcecode.c.h; path = PayPalMobile.h; sourceTree = "<group>"; };
		9509927E17CCD9FC00E7EBF7 /* PayPalPayment.h */ = {isa = PBXFileReference; fileEncoding = 4; lastKnownFileType = sourcecode.c.h; path = PayPalPayment.h; sourceTree = "<group>"; };
		9509927F17CCD9FC00E7EBF7 /* PayPalPaymentViewController.h */ = {isa = PBXFileReference; fileEncoding = 4; lastKnownFileType = sourcecode.c.h; path = PayPalPaymentViewController.h; sourceTree = "<group>"; };
		9509928C17CCDB0D00E7EBF7 /* libTestFlight.a */ = {isa = PBXFileReference; lastKnownFileType = archive.ar; path = libTestFlight.a; sourceTree = "<group>"; };
		9509928D17CCDB0D00E7EBF7 /* README.md */ = {isa = PBXFileReference; fileEncoding = 4; lastKnownFileType = text; path = README.md; sourceTree = "<group>"; };
		9509928E17CCDB0D00E7EBF7 /* release_notes.md */ = {isa = PBXFileReference; fileEncoding = 4; lastKnownFileType = text; path = release_notes.md; sourceTree = "<group>"; };
		9509928F17CCDB0D00E7EBF7 /* TestFlight+AsyncLogging.h */ = {isa = PBXFileReference; fileEncoding = 4; lastKnownFileType = sourcecode.c.h; path = "TestFlight+AsyncLogging.h"; sourceTree = "<group>"; };
		9509929017CCDB0D00E7EBF7 /* TestFlight+ManualSessions.h */ = {isa = PBXFileReference; fileEncoding = 4; lastKnownFileType = sourcecode.c.h; path = "TestFlight+ManualSessions.h"; sourceTree = "<group>"; };
		9509929117CCDB0D00E7EBF7 /* TestFlight.h */ = {isa = PBXFileReference; fileEncoding = 4; lastKnownFileType = sourcecode.c.h; path = TestFlight.h; sourceTree = "<group>"; };
		9533E498179BE0000042473A /* StoreKit.framework */ = {isa = PBXFileReference; lastKnownFileType = wrapper.framework; name = StoreKit.framework; path = System/Library/Frameworks/StoreKit.framework; sourceTree = SDKROOT; };
		95383BC417984F2700745084 /* DotA2Soundboard.app */ = {isa = PBXFileReference; explicitFileType = wrapper.application; includeInIndex = 0; path = DotA2Soundboard.app; sourceTree = BUILT_PRODUCTS_DIR; };
		95383BC717984F2700745084 /* UIKit.framework */ = {isa = PBXFileReference; lastKnownFileType = wrapper.framework; name = UIKit.framework; path = System/Library/Frameworks/UIKit.framework; sourceTree = SDKROOT; };
		95383BC917984F2700745084 /* Foundation.framework */ = {isa = PBXFileReference; lastKnownFileType = wrapper.framework; name = Foundation.framework; path = System/Library/Frameworks/Foundation.framework; sourceTree = SDKROOT; };
		95383BCB17984F2700745084 /* CoreGraphics.framework */ = {isa = PBXFileReference; lastKnownFileType = wrapper.framework; name = CoreGraphics.framework; path = System/Library/Frameworks/CoreGraphics.framework; sourceTree = SDKROOT; };
		95383BCF17984F2700745084 /* DotA2Soundboard-Info.plist */ = {isa = PBXFileReference; lastKnownFileType = text.plist.xml; path = "DotA2Soundboard-Info.plist"; sourceTree = "<group>"; };
		95383BD117984F2700745084 /* en */ = {isa = PBXFileReference; lastKnownFileType = text.plist.strings; name = en; path = en.lproj/InfoPlist.strings; sourceTree = "<group>"; };
		95383BD317984F2700745084 /* main.m */ = {isa = PBXFileReference; lastKnownFileType = sourcecode.c.objc; path = main.m; sourceTree = "<group>"; };
		95383BD517984F2700745084 /* DotA2Soundboard-Prefix.pch */ = {isa = PBXFileReference; lastKnownFileType = sourcecode.c.h; path = "DotA2Soundboard-Prefix.pch"; sourceTree = "<group>"; };
		95383BD617984F2700745084 /* D2SBAppDelegate.h */ = {isa = PBXFileReference; lastKnownFileType = sourcecode.c.h; path = D2SBAppDelegate.h; sourceTree = "<group>"; };
		95383BD717984F2700745084 /* D2SBAppDelegate.m */ = {isa = PBXFileReference; lastKnownFileType = sourcecode.c.objc; path = D2SBAppDelegate.m; sourceTree = "<group>"; };
		95383BD917984F2700745084 /* Default.png */ = {isa = PBXFileReference; lastKnownFileType = image.png; name = Default.png; path = DotA2Soundboard/Default.png; sourceTree = "<group>"; };
		95383BDB17984F2700745084 /* Default@2x.png */ = {isa = PBXFileReference; lastKnownFileType = image.png; name = "Default@2x.png"; path = "DotA2Soundboard/Default@2x.png"; sourceTree = "<group>"; };
		95383BDD17984F2700745084 /* Default-568h@2x.png */ = {isa = PBXFileReference; lastKnownFileType = image.png; name = "Default-568h@2x.png"; path = "DotA2Soundboard/Default-568h@2x.png"; sourceTree = "<group>"; };
		95383BE017984F2700745084 /* en */ = {isa = PBXFileReference; lastKnownFileType = file.storyboard; name = en; path = en.lproj/Storyboard.storyboard; sourceTree = "<group>"; };
		95383BE217984F2700745084 /* D2SBMasterViewController.h */ = {isa = PBXFileReference; lastKnownFileType = sourcecode.c.h; path = D2SBMasterViewController.h; sourceTree = "<group>"; };
		95383BE317984F2700745084 /* D2SBMasterViewController.m */ = {isa = PBXFileReference; lastKnownFileType = sourcecode.c.objc; path = D2SBMasterViewController.m; sourceTree = "<group>"; };
		95383BE517984F2700745084 /* D2SBDetailViewController.h */ = {isa = PBXFileReference; lastKnownFileType = sourcecode.c.h; path = D2SBDetailViewController.h; sourceTree = "<group>"; };
		95383BE617984F2700745084 /* D2SBDetailViewController.m */ = {isa = PBXFileReference; lastKnownFileType = sourcecode.c.objc; path = D2SBDetailViewController.m; sourceTree = "<group>"; };
		95383C021798584E00745084 /* AVFoundation.framework */ = {isa = PBXFileReference; lastKnownFileType = wrapper.framework; name = AVFoundation.framework; path = System/Library/Frameworks/AVFoundation.framework; sourceTree = SDKROOT; };
		953CCA401799EF750001DB16 /* background-568h@2x.png */ = {isa = PBXFileReference; lastKnownFileType = image.png; name = "background-568h@2x.png"; path = "DotA2Soundboard/background-568h@2x.png"; sourceTree = "<group>"; };
		953E6A5B17A7D192000EC8AB /* magnify.png */ = {isa = PBXFileReference; lastKnownFileType = image.png; name = magnify.png; path = DotA2Soundboard/magnify.png; sourceTree = "<group>"; };
		953E6A5C17A7D192000EC8AB /* magnify@2x.png */ = {isa = PBXFileReference; lastKnownFileType = image.png; name = "magnify@2x.png"; path = "DotA2Soundboard/magnify@2x.png"; sourceTree = "<group>"; };
		9544DB7917A8B04D00910B8B /* AFAmazonS3Client.m */ = {isa = PBXFileReference; fileEncoding = 4; lastKnownFileType = sourcecode.c.objc; name = AFAmazonS3Client.m; path = ../Submodules/AFAmazonS3Client/AFAmazonS3Client/AFAmazonS3Client.m; sourceTree = "<group>"; };
		9545CE6517C9E856009DEAFB /* Base64.m */ = {isa = PBXFileReference; fileEncoding = 4; lastKnownFileType = sourcecode.c.objc; name = Base64.m; path = ../Submodules/Base64/Base64/Base64.m; sourceTree = "<group>"; };
		9549582217CBE6DB00F7C2B6 /* AudioToolbox.framework */ = {isa = PBXFileReference; lastKnownFileType = wrapper.framework; name = AudioToolbox.framework; path = System/Library/Frameworks/AudioToolbox.framework; sourceTree = SDKROOT; };
		9549582417CBE6E700F7C2B6 /* CoreMedia.framework */ = {isa = PBXFileReference; lastKnownFileType = wrapper.framework; name = CoreMedia.framework; path = System/Library/Frameworks/CoreMedia.framework; sourceTree = SDKROOT; };
		9549582617CBE6EB00F7C2B6 /* CoreVideo.framework */ = {isa = PBXFileReference; lastKnownFileType = wrapper.framework; name = CoreVideo.framework; path = System/Library/Frameworks/CoreVideo.framework; sourceTree = SDKROOT; };
		9549582817CBE6F300F7C2B6 /* libxml2.dylib */ = {isa = PBXFileReference; lastKnownFileType = "compiled.mach-o.dylib"; name = libxml2.dylib; path = usr/lib/libxml2.dylib; sourceTree = SDKROOT; };
		9549582A17CBE6FC00F7C2B6 /* MessageUI.framework */ = {isa = PBXFileReference; lastKnownFileType = wrapper.framework; name = MessageUI.framework; path = System/Library/Frameworks/MessageUI.framework; sourceTree = SDKROOT; };
		9549582C17CBE70600F7C2B6 /* OpenGLES.framework */ = {isa = PBXFileReference; lastKnownFileType = wrapper.framework; name = OpenGLES.framework; path = System/Library/Frameworks/OpenGLES.framework; sourceTree = SDKROOT; };
		9549582E17CBE90E00F7C2B6 /* piggy-bank.png */ = {isa = PBXFileReference; lastKnownFileType = image.png; name = "piggy-bank.png"; path = "DotA2Soundboard/piggy-bank.png"; sourceTree = "<group>"; };
		9549582F17CBE90E00F7C2B6 /* piggy-bank@2x.png */ = {isa = PBXFileReference; lastKnownFileType = image.png; name = "piggy-bank@2x.png"; path = "DotA2Soundboard/piggy-bank@2x.png"; sourceTree = "<group>"; };
		955DE6E417A4195D00147EFD /* Icon@2x.png */ = {isa = PBXFileReference; lastKnownFileType = image.png; path = "Icon@2x.png"; sourceTree = "<group>"; };
		955DE6E617A4196100147EFD /* Icon.png */ = {isa = PBXFileReference; lastKnownFileType = image.png; path = Icon.png; sourceTree = "<group>"; };
		955DE6E817A4197100147EFD /* Icon-72.png */ = {isa = PBXFileReference; lastKnownFileType = image.png; path = "Icon-72.png"; sourceTree = "<group>"; };
		955DE6E917A4197100147EFD /* Icon-72@2x.png */ = {isa = PBXFileReference; lastKnownFileType = image.png; path = "Icon-72@2x.png"; sourceTree = "<group>"; };
		955DE6EA17A4197100147EFD /* Icon-Small-50.png */ = {isa = PBXFileReference; lastKnownFileType = image.png; path = "Icon-Small-50.png"; sourceTree = "<group>"; };
		955DE6EB17A4197100147EFD /* Icon-Small-50@2x.png */ = {isa = PBXFileReference; lastKnownFileType = image.png; path = "Icon-Small-50@2x.png"; sourceTree = "<group>"; };
		955DE6EC17A4197100147EFD /* Icon-Small.png */ = {isa = PBXFileReference; lastKnownFileType = image.png; path = "Icon-Small.png"; sourceTree = "<group>"; };
		955DE6ED17A4197100147EFD /* Icon-Small@2x.png */ = {isa = PBXFileReference; lastKnownFileType = image.png; path = "Icon-Small@2x.png"; sourceTree = "<group>"; };
		955DE6EE17A4197100147EFD /* iTunesArtwork */ = {isa = PBXFileReference; lastKnownFileType = file; path = iTunesArtwork; sourceTree = "<group>"; };
		955DE6EF17A4197100147EFD /* iTunesArtwork@2x */ = {isa = PBXFileReference; lastKnownFileType = text; path = "iTunesArtwork@2x"; sourceTree = "<group>"; };
		9563EE161799BCCD0003742A /* MobileCoreServices.framework */ = {isa = PBXFileReference; lastKnownFileType = wrapper.framework; name = MobileCoreServices.framework; path = System/Library/Frameworks/MobileCoreServices.framework; sourceTree = SDKROOT; };
		9563EE181799BCEE0003742A /* SystemConfiguration.framework */ = {isa = PBXFileReference; lastKnownFileType = wrapper.framework; name = SystemConfiguration.framework; path = System/Library/Frameworks/SystemConfiguration.framework; sourceTree = SDKROOT; };
		9563EE1A1799BD830003742A /* CFNetwork.framework */ = {isa = PBXFileReference; lastKnownFileType = wrapper.framework; name = CFNetwork.framework; path = System/Library/Frameworks/CFNetwork.framework; sourceTree = SDKROOT; };
		9563EE1C1799BD870003742A /* Security.framework */ = {isa = PBXFileReference; lastKnownFileType = wrapper.framework; name = Security.framework; path = System/Library/Frameworks/Security.framework; sourceTree = SDKROOT; };
		9565AA291799B09400DEE611 /* heroes.xml */ = {isa = PBXFileReference; fileEncoding = 4; lastKnownFileType = text.xml; path = heroes.xml; sourceTree = "<group>"; };
		95674653179CBEB9002C8710 /* MYIntroductionPanel.h */ = {isa = PBXFileReference; fileEncoding = 4; lastKnownFileType = sourcecode.c.h; name = MYIntroductionPanel.h; path = "Submodules/iPhone-IntroductionTutorial/IntroductionExample/MYIntroductionPanel.h"; sourceTree = SOURCE_ROOT; };
		95674654179CBEB9002C8710 /* MYIntroductionPanel.m */ = {isa = PBXFileReference; fileEncoding = 4; lastKnownFileType = sourcecode.c.objc; name = MYIntroductionPanel.m; path = "Submodules/iPhone-IntroductionTutorial/IntroductionExample/MYIntroductionPanel.m"; sourceTree = SOURCE_ROOT; };
		95674655179CBEB9002C8710 /* MYIntroductionView.h */ = {isa = PBXFileReference; fileEncoding = 4; lastKnownFileType = sourcecode.c.h; name = MYIntroductionView.h; path = "Submodules/iPhone-IntroductionTutorial/IntroductionExample/MYIntroductionView.h"; sourceTree = SOURCE_ROOT; };
		95674656179CBEB9002C8710 /* MYIntroductionView.m */ = {isa = PBXFileReference; fileEncoding = 4; lastKnownFileType = sourcecode.c.objc; name = MYIntroductionView.m; path = "Submodules/iPhone-IntroductionTutorial/IntroductionExample/MYIntroductionView.m"; sourceTree = SOURCE_ROOT; };
		956B21F617A3117F00EF6130 /* libz.dylib */ = {isa = PBXFileReference; lastKnownFileType = "compiled.mach-o.dylib"; name = libz.dylib; path = usr/lib/libz.dylib; sourceTree = SDKROOT; };
		95A7A75E179A1267005C0035 /* background.png */ = {isa = PBXFileReference; lastKnownFileType = image.png; name = background.png; path = DotA2Soundboard/background.png; sourceTree = "<group>"; };
		95A7A75F179A1267005C0035 /* background@2x.png */ = {isa = PBXFileReference; lastKnownFileType = image.png; name = "background@2x.png"; path = "DotA2Soundboard/background@2x.png"; sourceTree = "<group>"; };
		95A7A766179A1860005C0035 /* QuartzCore.framework */ = {isa = PBXFileReference; lastKnownFileType = wrapper.framework; name = QuartzCore.framework; path = System/Library/Frameworks/QuartzCore.framework; sourceTree = SDKROOT; };
		95CD93AF17B3DE3B00EBF727 /* Soundboard.xcodeproj */ = {isa = PBXFileReference; lastKnownFileType = "wrapper.pb-project"; name = Soundboard.xcodeproj; path = Submodules/Soundboard/Soundboard.xcodeproj; sourceTree = "<group>"; };
		95D22576179C7E3600639253 /* BlockUI.h */ = {isa = PBXFileReference; fileEncoding = 4; lastKnownFileType = sourcecode.c.h; name = BlockUI.h; path = "Submodules/BlockAlertsAnd-ActionSheets/BlockAlertsDemo/ProjectSpecific/BlockUI.h"; sourceTree = SOURCE_ROOT; };
		95D22578179C7E3F00639253 /* BlockActionSheet.h */ = {isa = PBXFileReference; fileEncoding = 4; lastKnownFileType = sourcecode.c.h; name = BlockActionSheet.h; path = "Submodules/BlockAlertsAnd-ActionSheets/BlockAlertsDemo/ToAddToYourProjects/BlockActionSheet.h"; sourceTree = SOURCE_ROOT; };
		95D22579179C7E3F00639253 /* BlockActionSheet.m */ = {isa = PBXFileReference; fileEncoding = 4; lastKnownFileType = sourcecode.c.objc; name = BlockActionSheet.m; path = "Submodules/BlockAlertsAnd-ActionSheets/BlockAlertsDemo/ToAddToYourProjects/BlockActionSheet.m"; sourceTree = SOURCE_ROOT; };
		95D2257A179C7E3F00639253 /* BlockAlertView.h */ = {isa = PBXFileReference; fileEncoding = 4; lastKnownFileType = sourcecode.c.h; name = BlockAlertView.h; path = "Submodules/BlockAlertsAnd-ActionSheets/BlockAlertsDemo/ToAddToYourProjects/BlockAlertView.h"; sourceTree = SOURCE_ROOT; };
		95D2257B179C7E3F00639253 /* BlockAlertView.m */ = {isa = PBXFileReference; fileEncoding = 4; lastKnownFileType = sourcecode.c.objc; name = BlockAlertView.m; path = "Submodules/BlockAlertsAnd-ActionSheets/BlockAlertsDemo/ToAddToYourProjects/BlockAlertView.m"; sourceTree = SOURCE_ROOT; };
		95D2257C179C7E3F00639253 /* BlockBackground.h */ = {isa = PBXFileReference; fileEncoding = 4; lastKnownFileType = sourcecode.c.h; name = BlockBackground.h; path = "Submodules/BlockAlertsAnd-ActionSheets/BlockAlertsDemo/ToAddToYourProjects/BlockBackground.h"; sourceTree = SOURCE_ROOT; };
		95D2257D179C7E3F00639253 /* BlockBackground.m */ = {isa = PBXFileReference; fileEncoding = 4; lastKnownFileType = sourcecode.c.objc; name = BlockBackground.m; path = "Submodules/BlockAlertsAnd-ActionSheets/BlockAlertsDemo/ToAddToYourProjects/BlockBackground.m"; sourceTree = SOURCE_ROOT; };
		95D2257E179C7E3F00639253 /* BlockTableAlertView.h */ = {isa = PBXFileReference; fileEncoding = 4; lastKnownFileType = sourcecode.c.h; name = BlockTableAlertView.h; path = "Submodules/BlockAlertsAnd-ActionSheets/BlockAlertsDemo/ToAddToYourProjects/BlockTableAlertView.h"; sourceTree = SOURCE_ROOT; };
		95D2257F179C7E3F00639253 /* BlockTableAlertView.m */ = {isa = PBXFileReference; fileEncoding = 4; lastKnownFileType = sourcecode.c.objc; name = BlockTableAlertView.m; path = "Submodules/BlockAlertsAnd-ActionSheets/BlockAlertsDemo/ToAddToYourProjects/BlockTableAlertView.m"; sourceTree = SOURCE_ROOT; };
		95D22580179C7E3F00639253 /* BlockTextPromptAlertView.h */ = {isa = PBXFileReference; fileEncoding = 4; lastKnownFileType = sourcecode.c.h; name = BlockTextPromptAlertView.h; path = "Submodules/BlockAlertsAnd-ActionSheets/BlockAlertsDemo/ToAddToYourProjects/BlockTextPromptAlertView.h"; sourceTree = SOURCE_ROOT; };
		95D22581179C7E3F00639253 /* BlockTextPromptAlertView.m */ = {isa = PBXFileReference; fileEncoding = 4; lastKnownFileType = sourcecode.c.objc; name = BlockTextPromptAlertView.m; path = "Submodules/BlockAlertsAnd-ActionSheets/BlockAlertsDemo/ToAddToYourProjects/BlockTextPromptAlertView.m"; sourceTree = SOURCE_ROOT; };
		95D22591179C7ED300639253 /* alert-black-button.png */ = {isa = PBXFileReference; lastKnownFileType = image.png; path = "alert-black-button.png"; sourceTree = "<group>"; };
		95D22592179C7ED300639253 /* alert-black-button@2x.png */ = {isa = PBXFileReference; lastKnownFileType = image.png; path = "alert-black-button@2x.png"; sourceTree = "<group>"; };
		95D22593179C7ED300639253 /* alert-gray-button.png */ = {isa = PBXFileReference; lastKnownFileType = image.png; path = "alert-gray-button.png"; sourceTree = "<group>"; };
		95D22594179C7ED300639253 /* alert-gray-button@2x.png */ = {isa = PBXFileReference; lastKnownFileType = image.png; path = "alert-gray-button@2x.png"; sourceTree = "<group>"; };
		95D22595179C7ED300639253 /* alert-green-button.png */ = {isa = PBXFileReference; lastKnownFileType = image.png; path = "alert-green-button.png"; sourceTree = "<group>"; };
		95D22596179C7ED300639253 /* alert-green-button@2x.png */ = {isa = PBXFileReference; lastKnownFileType = image.png; path = "alert-green-button@2x.png"; sourceTree = "<group>"; };
		95D22597179C7ED300639253 /* alert-red-button.png */ = {isa = PBXFileReference; lastKnownFileType = image.png; path = "alert-red-button.png"; sourceTree = "<group>"; };
		95D22598179C7ED300639253 /* alert-red-button@2x.png */ = {isa = PBXFileReference; lastKnownFileType = image.png; path = "alert-red-button@2x.png"; sourceTree = "<group>"; };
		95D22599179C7ED300639253 /* alert-window-landscape.png */ = {isa = PBXFileReference; lastKnownFileType = image.png; path = "alert-window-landscape.png"; sourceTree = "<group>"; };
		95D2259A179C7ED300639253 /* alert-window-landscape@2x.png */ = {isa = PBXFileReference; lastKnownFileType = image.png; path = "alert-window-landscape@2x.png"; sourceTree = "<group>"; };
		95D2259B179C7ED300639253 /* alert-window.png */ = {isa = PBXFileReference; lastKnownFileType = image.png; path = "alert-window.png"; sourceTree = "<group>"; };
		95D2259C179C7ED300639253 /* alert-window@2x.png */ = {isa = PBXFileReference; lastKnownFileType = image.png; path = "alert-window@2x.png"; sourceTree = "<group>"; };
		95D2259D179C7ED300639253 /* alert-yellow-button.png */ = {isa = PBXFileReference; lastKnownFileType = image.png; path = "alert-yellow-button.png"; sourceTree = "<group>"; };
		95D2259E179C7ED300639253 /* alert-yellow-button@2x.png */ = {isa = PBXFileReference; lastKnownFileType = image.png; path = "alert-yellow-button@2x.png"; sourceTree = "<group>"; };
		95D83219179B01DC0062A6DF /* MBProgressHUD.xcodeproj */ = {isa = PBXFileReference; lastKnownFileType = "wrapper.pb-project"; name = MBProgressHUD.xcodeproj; path = Submodules/MBProgressHUD/MBProgressHUD.xcodeproj; sourceTree = "<group>"; };
		95D8321F179B02120062A6DF /* AFHTTPClient.h */ = {isa = PBXFileReference; fileEncoding = 4; lastKnownFileType = sourcecode.c.h; name = AFHTTPClient.h; path = Submodules/AFNetworking/AFNetworking/AFHTTPClient.h; sourceTree = SOURCE_ROOT; };
		95D83220179B02120062A6DF /* AFHTTPRequestOperation.h */ = {isa = PBXFileReference; fileEncoding = 4; lastKnownFileType = sourcecode.c.h; name = AFHTTPRequestOperation.h; path = Submodules/AFNetworking/AFNetworking/AFHTTPRequestOperation.h; sourceTree = SOURCE_ROOT; };
		95D83221179B02120062A6DF /* AFImageRequestOperation.h */ = {isa = PBXFileReference; fileEncoding = 4; lastKnownFileType = sourcecode.c.h; name = AFImageRequestOperation.h; path = Submodules/AFNetworking/AFNetworking/AFImageRequestOperation.h; sourceTree = SOURCE_ROOT; };
		95D83222179B02120062A6DF /* AFJSONRequestOperation.h */ = {isa = PBXFileReference; fileEncoding = 4; lastKnownFileType = sourcecode.c.h; name = AFJSONRequestOperation.h; path = Submodules/AFNetworking/AFNetworking/AFJSONRequestOperation.h; sourceTree = SOURCE_ROOT; };
		95D83223179B02120062A6DF /* AFNetworkActivityIndicatorManager.h */ = {isa = PBXFileReference; fileEncoding = 4; lastKnownFileType = sourcecode.c.h; name = AFNetworkActivityIndicatorManager.h; path = Submodules/AFNetworking/AFNetworking/AFNetworkActivityIndicatorManager.h; sourceTree = SOURCE_ROOT; };
		95D83224179B02120062A6DF /* AFNetworking.h */ = {isa = PBXFileReference; fileEncoding = 4; lastKnownFileType = sourcecode.c.h; name = AFNetworking.h; path = Submodules/AFNetworking/AFNetworking/AFNetworking.h; sourceTree = SOURCE_ROOT; };
		95D83225179B02120062A6DF /* AFPropertyListRequestOperation.h */ = {isa = PBXFileReference; fileEncoding = 4; lastKnownFileType = sourcecode.c.h; name = AFPropertyListRequestOperation.h; path = Submodules/AFNetworking/AFNetworking/AFPropertyListRequestOperation.h; sourceTree = SOURCE_ROOT; };
		95D83226179B02120062A6DF /* AFURLConnectionOperation.h */ = {isa = PBXFileReference; fileEncoding = 4; lastKnownFileType = sourcecode.c.h; name = AFURLConnectionOperation.h; path = Submodules/AFNetworking/AFNetworking/AFURLConnectionOperation.h; sourceTree = SOURCE_ROOT; };
		95D83227179B02120062A6DF /* AFXMLRequestOperation.h */ = {isa = PBXFileReference; fileEncoding = 4; lastKnownFileType = sourcecode.c.h; name = AFXMLRequestOperation.h; path = Submodules/AFNetworking/AFNetworking/AFXMLRequestOperation.h; sourceTree = SOURCE_ROOT; };
		95D83228179B02130062A6DF /* UIImageView+AFNetworking.h */ = {isa = PBXFileReference; fileEncoding = 4; lastKnownFileType = sourcecode.c.h; name = "UIImageView+AFNetworking.h"; path = "Submodules/AFNetworking/AFNetworking/UIImageView+AFNetworking.h"; sourceTree = SOURCE_ROOT; };
		95D83229179B02130062A6DF /* AFHTTPClient.m */ = {isa = PBXFileReference; fileEncoding = 4; lastKnownFileType = sourcecode.c.objc; name = AFHTTPClient.m; path = Submodules/AFNetworking/AFNetworking/AFHTTPClient.m; sourceTree = SOURCE_ROOT; };
		95D8322A179B02130062A6DF /* AFHTTPRequestOperation.m */ = {isa = PBXFileReference; fileEncoding = 4; lastKnownFileType = sourcecode.c.objc; name = AFHTTPRequestOperation.m; path = Submodules/AFNetworking/AFNetworking/AFHTTPRequestOperation.m; sourceTree = SOURCE_ROOT; };
		95D8322B179B02130062A6DF /* AFImageRequestOperation.m */ = {isa = PBXFileReference; fileEncoding = 4; lastKnownFileType = sourcecode.c.objc; name = AFImageRequestOperation.m; path = Submodules/AFNetworking/AFNetworking/AFImageRequestOperation.m; sourceTree = SOURCE_ROOT; };
		95D8322C179B02130062A6DF /* AFJSONRequestOperation.m */ = {isa = PBXFileReference; fileEncoding = 4; lastKnownFileType = sourcecode.c.objc; name = AFJSONRequestOperation.m; path = Submodules/AFNetworking/AFNetworking/AFJSONRequestOperation.m; sourceTree = SOURCE_ROOT; };
		95D8322D179B02130062A6DF /* AFNetworkActivityIndicatorManager.m */ = {isa = PBXFileReference; fileEncoding = 4; lastKnownFileType = sourcecode.c.objc; name = AFNetworkActivityIndicatorManager.m; path = Submodules/AFNetworking/AFNetworking/AFNetworkActivityIndicatorManager.m; sourceTree = SOURCE_ROOT; };
		95D8322E179B02130062A6DF /* AFPropertyListRequestOperation.m */ = {isa = PBXFileReference; fileEncoding = 4; lastKnownFileType = sourcecode.c.objc; name = AFPropertyListRequestOperation.m; path = Submodules/AFNetworking/AFNetworking/AFPropertyListRequestOperation.m; sourceTree = SOURCE_ROOT; };
		95D8322F179B02130062A6DF /* AFURLConnectionOperation.m */ = {isa = PBXFileReference; fileEncoding = 4; lastKnownFileType = sourcecode.c.objc; name = AFURLConnectionOperation.m; path = Submodules/AFNetworking/AFNetworking/AFURLConnectionOperation.m; sourceTree = SOURCE_ROOT; };
		95D83230179B02130062A6DF /* AFXMLRequestOperation.m */ = {isa = PBXFileReference; fileEncoding = 4; lastKnownFileType = sourcecode.c.objc; name = AFXMLRequestOperation.m; path = Submodules/AFNetworking/AFNetworking/AFXMLRequestOperation.m; sourceTree = SOURCE_ROOT; };
		95D83231179B02130062A6DF /* UIImageView+AFNetworking.m */ = {isa = PBXFileReference; fileEncoding = 4; lastKnownFileType = sourcecode.c.objc; name = "UIImageView+AFNetworking.m"; path = "Submodules/AFNetworking/AFNetworking/UIImageView+AFNetworking.m"; sourceTree = SOURCE_ROOT; };
		95D8323B179B02450062A6DF /* AbstractActionSheetPicker.h */ = {isa = PBXFileReference; fileEncoding = 4; lastKnownFileType = sourcecode.c.h; name = AbstractActionSheetPicker.h; path = Submodules/ActionSheetPicker/Pickers/AbstractActionSheetPicker.h; sourceTree = SOURCE_ROOT; };
		95D8323C179B02450062A6DF /* ActionSheetStringPicker.h */ = {isa = PBXFileReference; fileEncoding = 4; lastKnownFileType = sourcecode.c.h; name = ActionSheetStringPicker.h; path = Submodules/ActionSheetPicker/Pickers/ActionSheetStringPicker.h; sourceTree = SOURCE_ROOT; };
		95D8323D179B02450062A6DF /* AbstractActionSheetPicker.m */ = {isa = PBXFileReference; fileEncoding = 4; lastKnownFileType = sourcecode.c.objc; name = AbstractActionSheetPicker.m; path = Submodules/ActionSheetPicker/Pickers/AbstractActionSheetPicker.m; sourceTree = SOURCE_ROOT; };
		95D8323E179B02450062A6DF /* ActionSheetStringPicker.m */ = {isa = PBXFileReference; fileEncoding = 4; lastKnownFileType = sourcecode.c.objc; name = ActionSheetStringPicker.m; path = Submodules/ActionSheetPicker/Pickers/ActionSheetStringPicker.m; sourceTree = SOURCE_ROOT; };
		95DA1E56179B4C9300FC2817 /* Announcer.sb */ = {isa = PBXFileReference; lastKnownFileType = file; path = Announcer.sb; sourceTree = "<group>"; };
/* End PBXFileReference section */

/* Begin PBXFrameworksBuildPhase section */
		95383BC117984F2700745084 /* Frameworks */ = {
			isa = PBXFrameworksBuildPhase;
			buildActionMask = 2147483647;
			files = (
				9549582D17CBE70600F7C2B6 /* OpenGLES.framework in Frameworks */,
				9549582B17CBE6FC00F7C2B6 /* MessageUI.framework in Frameworks */,
				9549582917CBE6F300F7C2B6 /* libxml2.dylib in Frameworks */,
				9549582717CBE6EB00F7C2B6 /* CoreVideo.framework in Frameworks */,
				9549582517CBE6E700F7C2B6 /* CoreMedia.framework in Frameworks */,
				9549582317CBE6DB00F7C2B6 /* AudioToolbox.framework in Frameworks */,
				95CD93B817B3DE6500EBF727 /* libSoundboard.a in Frameworks */,
				956B21F717A3117F00EF6130 /* libz.dylib in Frameworks */,
				9533E499179BE0000042473A /* StoreKit.framework in Frameworks */,
				954CCE8A179B03910044477C /* libMBProgressHUD.a in Frameworks */,
				95A7A767179A1860005C0035 /* QuartzCore.framework in Frameworks */,
				9563EE1D1799BD870003742A /* Security.framework in Frameworks */,
				9563EE1B1799BD830003742A /* CFNetwork.framework in Frameworks */,
				9563EE191799BCEE0003742A /* SystemConfiguration.framework in Frameworks */,
				9563EE171799BCCD0003742A /* MobileCoreServices.framework in Frameworks */,
				95383C031798584E00745084 /* AVFoundation.framework in Frameworks */,
				95383BC817984F2700745084 /* UIKit.framework in Frameworks */,
				95383BCA17984F2700745084 /* Foundation.framework in Frameworks */,
				95383BCC17984F2700745084 /* CoreGraphics.framework in Frameworks */,
				9509928017CCD9FC00E7EBF7 /* libPayPalMobile.a in Frameworks */,
				9509929217CCDB0D00E7EBF7 /* libTestFlight.a in Frameworks */,
			);
			runOnlyForDeploymentPostprocessing = 0;
		};
/* End PBXFrameworksBuildPhase section */

/* Begin PBXGroup section */
		9502FE3717A92C7700F36DE4 /* AFAmazonS3Client */ = {
			isa = PBXGroup;
			children = (
				9544DB7917A8B04D00910B8B /* AFAmazonS3Client.m */,
			);
			name = AFAmazonS3Client;
			sourceTree = "<group>";
		};
		9509927B17CCD9FC00E7EBF7 /* PayPalMobile */ = {
			isa = PBXGroup;
			children = (
				9509927C17CCD9FC00E7EBF7 /* libPayPalMobile.a */,
				9509927D17CCD9FC00E7EBF7 /* PayPalMobile.h */,
				9509927E17CCD9FC00E7EBF7 /* PayPalPayment.h */,
				9509927F17CCD9FC00E7EBF7 /* PayPalPaymentViewController.h */,
			);
			name = PayPalMobile;
			path = ../PayPalMobile;
			sourceTree = "<group>";
		};
		9509928B17CCDB0D00E7EBF7 /* TestFlight */ = {
			isa = PBXGroup;
			children = (
				9509928C17CCDB0D00E7EBF7 /* libTestFlight.a */,
				9509928D17CCDB0D00E7EBF7 /* README.md */,
				9509928E17CCDB0D00E7EBF7 /* release_notes.md */,
				9509928F17CCDB0D00E7EBF7 /* TestFlight+AsyncLogging.h */,
				9509929017CCDB0D00E7EBF7 /* TestFlight+ManualSessions.h */,
				9509929117CCDB0D00E7EBF7 /* TestFlight.h */,
			);
			name = TestFlight;
			path = ../TestFlight;
			sourceTree = "<group>";
		};
		9509929517CCDBBE00E7EBF7 /* 3rd Party */ = {
			isa = PBXGroup;
			children = (
				9545CE6717C9E85C009DEAFB /* Base64 */,
				9502FE3717A92C7700F36DE4 /* AFAmazonS3Client */,
				9567465A179CBEC0002C8710 /* iPhone-IntroductionTutorial */,
				95D22587179C7E4300639253 /* BlockAlertsAnd-ActionSheets */,
				951E70EA179ACEF100E50E06 /* ActionSheetPicker */,
				9563EDF81799BAFD0003742A /* AFNetworking */,
				95383BCE17984F2700745084 /* Supporting Files */,
				9509927B17CCD9FC00E7EBF7 /* PayPalMobile */,
				9509928B17CCDB0D00E7EBF7 /* TestFlight */,
			);
			name = "3rd Party";
			sourceTree = "<group>";
		};
		951E70EA179ACEF100E50E06 /* ActionSheetPicker */ = {
			isa = PBXGroup;
			children = (
				95D8323B179B02450062A6DF /* AbstractActionSheetPicker.h */,
				95D8323C179B02450062A6DF /* ActionSheetStringPicker.h */,
				95D8323D179B02450062A6DF /* AbstractActionSheetPicker.m */,
				95D8323E179B02450062A6DF /* ActionSheetStringPicker.m */,
			);
			name = ActionSheetPicker;
			sourceTree = "<group>";
		};
		95383BBB17984F2700745084 = {
			isa = PBXGroup;
			children = (
				95CD93AF17B3DE3B00EBF727 /* Soundboard.xcodeproj */,
				95D83219179B01DC0062A6DF /* MBProgressHUD.xcodeproj */,
				95383BCD17984F2700745084 /* DotA2Soundboard */,
				95383BC617984F2700745084 /* Frameworks */,
				95383BC517984F2700745084 /* Products */,
			);
			sourceTree = "<group>";
		};
		95383BC517984F2700745084 /* Products */ = {
			isa = PBXGroup;
			children = (
				95383BC417984F2700745084 /* DotA2Soundboard.app */,
			);
			name = Products;
			sourceTree = "<group>";
		};
		95383BC617984F2700745084 /* Frameworks */ = {
			isa = PBXGroup;
			children = (
				9549582C17CBE70600F7C2B6 /* OpenGLES.framework */,
				9549582A17CBE6FC00F7C2B6 /* MessageUI.framework */,
				9549582817CBE6F300F7C2B6 /* libxml2.dylib */,
				9549582617CBE6EB00F7C2B6 /* CoreVideo.framework */,
				9549582417CBE6E700F7C2B6 /* CoreMedia.framework */,
				9549582217CBE6DB00F7C2B6 /* AudioToolbox.framework */,
				956B21F617A3117F00EF6130 /* libz.dylib */,
				9533E498179BE0000042473A /* StoreKit.framework */,
				95A7A766179A1860005C0035 /* QuartzCore.framework */,
				9563EE1C1799BD870003742A /* Security.framework */,
				9563EE1A1799BD830003742A /* CFNetwork.framework */,
				9563EE181799BCEE0003742A /* SystemConfiguration.framework */,
				9563EE161799BCCD0003742A /* MobileCoreServices.framework */,
				95383C021798584E00745084 /* AVFoundation.framework */,
				95383BC717984F2700745084 /* UIKit.framework */,
				95383BC917984F2700745084 /* Foundation.framework */,
				95383BCB17984F2700745084 /* CoreGraphics.framework */,
			);
			name = Frameworks;
			sourceTree = "<group>";
		};
		95383BCD17984F2700745084 /* DotA2Soundboard */ = {
			isa = PBXGroup;
			children = (
				95383BDF17984F2700745084 /* Storyboard.storyboard */,
				95A7A765179A15AD005C0035 /* Graphics */,
				95383BF917984F5F00745084 /* Soundboards */,
				95383BD617984F2700745084 /* D2SBAppDelegate.h */,
				95383BD717984F2700745084 /* D2SBAppDelegate.m */,
				95383BE217984F2700745084 /* D2SBMasterViewController.h */,
				95383BE317984F2700745084 /* D2SBMasterViewController.m */,
				95383BE517984F2700745084 /* D2SBDetailViewController.h */,
				95383BE617984F2700745084 /* D2SBDetailViewController.m */,
				9509929517CCDBBE00E7EBF7 /* 3rd Party */,
			);
			path = DotA2Soundboard;
			sourceTree = "<group>";
		};
		95383BCE17984F2700745084 /* Supporting Files */ = {
			isa = PBXGroup;
			children = (
				95383BCF17984F2700745084 /* DotA2Soundboard-Info.plist */,
				95383BD017984F2700745084 /* InfoPlist.strings */,
				95383BD317984F2700745084 /* main.m */,
				95383BD517984F2700745084 /* DotA2Soundboard-Prefix.pch */,
			);
			name = "Supporting Files";
			sourceTree = "<group>";
		};
		95383BF917984F5F00745084 /* Soundboards */ = {
			isa = PBXGroup;
			children = (
				95DA1E56179B4C9300FC2817 /* Announcer.sb */,
				9565AA291799B09400DEE611 /* heroes.xml */,
			);
			name = Soundboards;
			sourceTree = "<group>";
		};
		9545CE6717C9E85C009DEAFB /* Base64 */ = {
			isa = PBXGroup;
			children = (
				9545CE6517C9E856009DEAFB /* Base64.m */,
			);
			name = Base64;
			sourceTree = "<group>";
		};
		9563EDF81799BAFD0003742A /* AFNetworking */ = {
			isa = PBXGroup;
			children = (
				95D8321F179B02120062A6DF /* AFHTTPClient.h */,
				95D83220179B02120062A6DF /* AFHTTPRequestOperation.h */,
				95D83221179B02120062A6DF /* AFImageRequestOperation.h */,
				95D83222179B02120062A6DF /* AFJSONRequestOperation.h */,
				95D83223179B02120062A6DF /* AFNetworkActivityIndicatorManager.h */,
				95D83224179B02120062A6DF /* AFNetworking.h */,
				95D83225179B02120062A6DF /* AFPropertyListRequestOperation.h */,
				95D83226179B02120062A6DF /* AFURLConnectionOperation.h */,
				95D83227179B02120062A6DF /* AFXMLRequestOperation.h */,
				95D83228179B02130062A6DF /* UIImageView+AFNetworking.h */,
				95D83229179B02130062A6DF /* AFHTTPClient.m */,
				95D8322A179B02130062A6DF /* AFHTTPRequestOperation.m */,
				95D8322B179B02130062A6DF /* AFImageRequestOperation.m */,
				95D8322C179B02130062A6DF /* AFJSONRequestOperation.m */,
				95D8322D179B02130062A6DF /* AFNetworkActivityIndicatorManager.m */,
				95D8322E179B02130062A6DF /* AFPropertyListRequestOperation.m */,
				95D8322F179B02130062A6DF /* AFURLConnectionOperation.m */,
				95D83230179B02130062A6DF /* AFXMLRequestOperation.m */,
				95D83231179B02130062A6DF /* UIImageView+AFNetworking.m */,
			);
			path = AFNetworking;
			sourceTree = "<group>";
		};
		9567465A179CBEC0002C8710 /* iPhone-IntroductionTutorial */ = {
			isa = PBXGroup;
			children = (
				95674653179CBEB9002C8710 /* MYIntroductionPanel.h */,
				95674654179CBEB9002C8710 /* MYIntroductionPanel.m */,
				95674655179CBEB9002C8710 /* MYIntroductionView.h */,
				95674656179CBEB9002C8710 /* MYIntroductionView.m */,
			);
			name = "iPhone-IntroductionTutorial";
			sourceTree = "<group>";
		};
		95A7A765179A15AD005C0035 /* Graphics */ = {
			isa = PBXGroup;
			children = (
				9549582E17CBE90E00F7C2B6 /* piggy-bank.png */,
				9549582F17CBE90E00F7C2B6 /* piggy-bank@2x.png */,
				953E6A5B17A7D192000EC8AB /* magnify.png */,
				953E6A5C17A7D192000EC8AB /* magnify@2x.png */,
				955DE6E617A4196100147EFD /* Icon.png */,
				955DE6E417A4195D00147EFD /* Icon@2x.png */,
				955DE6E817A4197100147EFD /* Icon-72.png */,
				955DE6E917A4197100147EFD /* Icon-72@2x.png */,
				955DE6EA17A4197100147EFD /* Icon-Small-50.png */,
				955DE6EB17A4197100147EFD /* Icon-Small-50@2x.png */,
				955DE6EC17A4197100147EFD /* Icon-Small.png */,
				955DE6ED17A4197100147EFD /* Icon-Small@2x.png */,
				955DE6EE17A4197100147EFD /* iTunesArtwork */,
				955DE6EF17A4197100147EFD /* iTunesArtwork@2x */,
				95383BD917984F2700745084 /* Default.png */,
				95383BDB17984F2700745084 /* Default@2x.png */,
				95383BDD17984F2700745084 /* Default-568h@2x.png */,
				95A7A75E179A1267005C0035 /* background.png */,
				95A7A75F179A1267005C0035 /* background@2x.png */,
				953CCA401799EF750001DB16 /* background-568h@2x.png */,
			);
			name = Graphics;
			path = ..;
			sourceTree = "<group>";
		};
		95CD93B017B3DE3B00EBF727 /* Products */ = {
			isa = PBXGroup;
			children = (
				95CD93B517B3DE3B00EBF727 /* libSoundboard.a */,
			);
			name = Products;
			sourceTree = "<group>";
		};
		95D22587179C7E4300639253 /* BlockAlertsAnd-ActionSheets */ = {
			isa = PBXGroup;
			children = (
				95D22590179C7ED300639253 /* AlertView */,
				95D22576179C7E3600639253 /* BlockUI.h */,
				95D22578179C7E3F00639253 /* BlockActionSheet.h */,
				95D22579179C7E3F00639253 /* BlockActionSheet.m */,
				95D2257A179C7E3F00639253 /* BlockAlertView.h */,
				95D2257B179C7E3F00639253 /* BlockAlertView.m */,
				95D2257C179C7E3F00639253 /* BlockBackground.h */,
				95D2257D179C7E3F00639253 /* BlockBackground.m */,
				95D2257E179C7E3F00639253 /* BlockTableAlertView.h */,
				95D2257F179C7E3F00639253 /* BlockTableAlertView.m */,
				95D22580179C7E3F00639253 /* BlockTextPromptAlertView.h */,
				95D22581179C7E3F00639253 /* BlockTextPromptAlertView.m */,
			);
			name = "BlockAlertsAnd-ActionSheets";
			sourceTree = "<group>";
		};
		95D22590179C7ED300639253 /* AlertView */ = {
			isa = PBXGroup;
			children = (
				95D22591179C7ED300639253 /* alert-black-button.png */,
				95D22592179C7ED300639253 /* alert-black-button@2x.png */,
				95D22593179C7ED300639253 /* alert-gray-button.png */,
				95D22594179C7ED300639253 /* alert-gray-button@2x.png */,
				95D22595179C7ED300639253 /* alert-green-button.png */,
				95D22596179C7ED300639253 /* alert-green-button@2x.png */,
				95D22597179C7ED300639253 /* alert-red-button.png */,
				95D22598179C7ED300639253 /* alert-red-button@2x.png */,
				95D22599179C7ED300639253 /* alert-window-landscape.png */,
				95D2259A179C7ED300639253 /* alert-window-landscape@2x.png */,
				95D2259B179C7ED300639253 /* alert-window.png */,
				95D2259C179C7ED300639253 /* alert-window@2x.png */,
				95D2259D179C7ED300639253 /* alert-yellow-button.png */,
				95D2259E179C7ED300639253 /* alert-yellow-button@2x.png */,
			);
			name = AlertView;
			path = "Submodules/BlockAlertsAnd-ActionSheets/BlockAlertsDemo/images/AlertView";
			sourceTree = SOURCE_ROOT;
		};
		95D8321A179B01DC0062A6DF /* Products */ = {
			isa = PBXGroup;
			children = (
				95D8321E179B01DD0062A6DF /* libMBProgressHUD.a */,
			);
			name = Products;
			sourceTree = "<group>";
		};
/* End PBXGroup section */

/* Begin PBXNativeTarget section */
		95383BC317984F2700745084 /* DotA2Soundboard */ = {
			isa = PBXNativeTarget;
			buildConfigurationList = 95383BEA17984F2700745084 /* Build configuration list for PBXNativeTarget "DotA2Soundboard" */;
			buildPhases = (
				95383BC017984F2700745084 /* Sources */,
				95383BC117984F2700745084 /* Frameworks */,
				95383BC217984F2700745084 /* Resources */,
			);
			buildRules = (
			);
			dependencies = (
			);
			name = DotA2Soundboard;
			productName = DotA2Soundboard;
			productReference = 95383BC417984F2700745084 /* DotA2Soundboard.app */;
			productType = "com.apple.product-type.application";
		};
/* End PBXNativeTarget section */

/* Begin PBXProject section */
		95383BBC17984F2700745084 /* Project object */ = {
			isa = PBXProject;
			attributes = {
				CLASSPREFIX = D2SB;
				LastUpgradeCheck = 0460;
				ORGANIZATIONNAME = "Matteo Pacini";
			};
			buildConfigurationList = 95383BBF17984F2700745084 /* Build configuration list for PBXProject "DotA2Soundboard" */;
			compatibilityVersion = "Xcode 3.2";
			developmentRegion = English;
			hasScannedForEncodings = 0;
			knownRegions = (
				en,
				it,
				English,
			);
			mainGroup = 95383BBB17984F2700745084;
			productRefGroup = 95383BC517984F2700745084 /* Products */;
			projectDirPath = "";
			projectReferences = (
				{
					ProductGroup = 95D8321A179B01DC0062A6DF /* Products */;
					ProjectRef = 95D83219179B01DC0062A6DF /* MBProgressHUD.xcodeproj */;
				},
				{
					ProductGroup = 95CD93B017B3DE3B00EBF727 /* Products */;
					ProjectRef = 95CD93AF17B3DE3B00EBF727 /* Soundboard.xcodeproj */;
				},
			);
			projectRoot = "";
			targets = (
				95383BC317984F2700745084 /* DotA2Soundboard */,
			);
		};
/* End PBXProject section */

/* Begin PBXReferenceProxy section */
		95CD93B517B3DE3B00EBF727 /* libSoundboard.a */ = {
			isa = PBXReferenceProxy;
			fileType = archive.ar;
			path = libSoundboard.a;
			remoteRef = 95CD93B417B3DE3B00EBF727 /* PBXContainerItemProxy */;
			sourceTree = BUILT_PRODUCTS_DIR;
		};
		95D8321E179B01DD0062A6DF /* libMBProgressHUD.a */ = {
			isa = PBXReferenceProxy;
			fileType = archive.ar;
			path = libMBProgressHUD.a;
			remoteRef = 95D8321D179B01DD0062A6DF /* PBXContainerItemProxy */;
			sourceTree = BUILT_PRODUCTS_DIR;
		};
/* End PBXReferenceProxy section */

/* Begin PBXResourcesBuildPhase section */
		95383BC217984F2700745084 /* Resources */ = {
			isa = PBXResourcesBuildPhase;
			buildActionMask = 2147483647;
			files = (
				95383BD217984F2700745084 /* InfoPlist.strings in Resources */,
				95383BDA17984F2700745084 /* Default.png in Resources */,
				95383BDC17984F2700745084 /* Default@2x.png in Resources */,
				95383BDE17984F2700745084 /* Default-568h@2x.png in Resources */,
				95383BE117984F2700745084 /* Storyboard.storyboard in Resources */,
				9565AA2A1799B09400DEE611 /* heroes.xml in Resources */,
				953CCA411799EF750001DB16 /* background-568h@2x.png in Resources */,
				95A7A760179A1267005C0035 /* background.png in Resources */,
				95A7A761179A1267005C0035 /* background@2x.png in Resources */,
				95DA1E57179B4C9300FC2817 /* Announcer.sb in Resources */,
				95D2259F179C7ED300639253 /* alert-black-button.png in Resources */,
				95D225A0179C7ED300639253 /* alert-black-button@2x.png in Resources */,
				95D225A1179C7ED300639253 /* alert-gray-button.png in Resources */,
				95D225A2179C7ED300639253 /* alert-gray-button@2x.png in Resources */,
				95D225A3179C7ED300639253 /* alert-green-button.png in Resources */,
				95D225A4179C7ED300639253 /* alert-green-button@2x.png in Resources */,
				95D225A5179C7ED300639253 /* alert-red-button.png in Resources */,
				95D225A6179C7ED300639253 /* alert-red-button@2x.png in Resources */,
				95D225A7179C7ED300639253 /* alert-window-landscape.png in Resources */,
				95D225A8179C7ED300639253 /* alert-window-landscape@2x.png in Resources */,
				95D225A9179C7ED300639253 /* alert-window.png in Resources */,
				95D225AA179C7ED300639253 /* alert-window@2x.png in Resources */,
				95D225AB179C7ED300639253 /* alert-yellow-button.png in Resources */,
				95D225AC179C7ED300639253 /* alert-yellow-button@2x.png in Resources */,
				955DE6E517A4195D00147EFD /* Icon@2x.png in Resources */,
				955DE6E717A4196100147EFD /* Icon.png in Resources */,
				955DE6F017A4197100147EFD /* Icon-72.png in Resources */,
				955DE6F117A4197100147EFD /* Icon-72@2x.png in Resources */,
				955DE6F217A4197100147EFD /* Icon-Small-50.png in Resources */,
				955DE6F317A4197100147EFD /* Icon-Small-50@2x.png in Resources */,
				955DE6F417A4197100147EFD /* Icon-Small.png in Resources */,
				955DE6F517A4197100147EFD /* Icon-Small@2x.png in Resources */,
				955DE6F617A4197100147EFD /* iTunesArtwork in Resources */,
				955DE6F717A4197100147EFD /* iTunesArtwork@2x in Resources */,
				953E6A5D17A7D192000EC8AB /* magnify.png in Resources */,
				953E6A5E17A7D192000EC8AB /* magnify@2x.png in Resources */,
				9549583017CBE90E00F7C2B6 /* piggy-bank.png in Resources */,
				9549583117CBE90E00F7C2B6 /* piggy-bank@2x.png in Resources */,
				9509929317CCDB0D00E7EBF7 /* README.md in Resources */,
				9509929417CCDB0D00E7EBF7 /* release_notes.md in Resources */,
			);
			runOnlyForDeploymentPostprocessing = 0;
		};
/* End PBXResourcesBuildPhase section */

/* Begin PBXSourcesBuildPhase section */
		95383BC017984F2700745084 /* Sources */ = {
			isa = PBXSourcesBuildPhase;
			buildActionMask = 2147483647;
			files = (
				95383BD417984F2700745084 /* main.m in Sources */,
				95383BD817984F2700745084 /* D2SBAppDelegate.m in Sources */,
				95383BE417984F2700745084 /* D2SBMasterViewController.m in Sources */,
				95383BE717984F2700745084 /* D2SBDetailViewController.m in Sources */,
				95D83232179B02130062A6DF /* AFHTTPClient.m in Sources */,
				95D83233179B02130062A6DF /* AFHTTPRequestOperation.m in Sources */,
				95D83234179B02130062A6DF /* AFImageRequestOperation.m in Sources */,
				95D83235179B02130062A6DF /* AFJSONRequestOperation.m in Sources */,
				95D83236179B02130062A6DF /* AFNetworkActivityIndicatorManager.m in Sources */,
				95D83237179B02130062A6DF /* AFPropertyListRequestOperation.m in Sources */,
				95D83238179B02130062A6DF /* AFURLConnectionOperation.m in Sources */,
				95D83239179B02130062A6DF /* AFXMLRequestOperation.m in Sources */,
				95D8323A179B02130062A6DF /* UIImageView+AFNetworking.m in Sources */,
				95D8323F179B02450062A6DF /* AbstractActionSheetPicker.m in Sources */,
				95D83240179B02450062A6DF /* ActionSheetStringPicker.m in Sources */,
				95D22582179C7E3F00639253 /* BlockActionSheet.m in Sources */,
				95D22583179C7E3F00639253 /* BlockAlertView.m in Sources */,
				95D22584179C7E3F00639253 /* BlockBackground.m in Sources */,
				95D22585179C7E3F00639253 /* BlockTableAlertView.m in Sources */,
				95D22586179C7E3F00639253 /* BlockTextPromptAlertView.m in Sources */,
				95674657179CBEB9002C8710 /* MYIntroductionPanel.m in Sources */,
				95674658179CBEB9002C8710 /* MYIntroductionView.m in Sources */,
				9544DB7A17A8B04D00910B8B /* AFAmazonS3Client.m in Sources */,
				9545CE6617C9E856009DEAFB /* Base64.m in Sources */,
			);
			runOnlyForDeploymentPostprocessing = 0;
		};
/* End PBXSourcesBuildPhase section */

/* Begin PBXVariantGroup section */
		95383BD017984F2700745084 /* InfoPlist.strings */ = {
			isa = PBXVariantGroup;
			children = (
				95383BD117984F2700745084 /* en */,
			);
			name = InfoPlist.strings;
			sourceTree = "<group>";
		};
		95383BDF17984F2700745084 /* Storyboard.storyboard */ = {
			isa = PBXVariantGroup;
			children = (
				95383BE017984F2700745084 /* en */,
			);
			name = Storyboard.storyboard;
			sourceTree = "<group>";
		};
/* End PBXVariantGroup section */

/* Begin XCBuildConfiguration section */
		95383BE817984F2700745084 /* Debug */ = {
			isa = XCBuildConfiguration;
			buildSettings = {
				ALWAYS_SEARCH_USER_PATHS = NO;
				CLANG_CXX_LANGUAGE_STANDARD = "gnu++0x";
				CLANG_CXX_LIBRARY = "libc++";
				CLANG_ENABLE_OBJC_ARC = YES;
				CLANG_WARN_CONSTANT_CONVERSION = YES;
				CLANG_WARN_EMPTY_BODY = YES;
				CLANG_WARN_ENUM_CONVERSION = YES;
				CLANG_WARN_INT_CONVERSION = YES;
				CLANG_WARN__DUPLICATE_METHOD_MATCH = YES;
				"CODE_SIGN_IDENTITY[sdk=iphoneos*]" = "iPhone Developer";
				COPY_PHASE_STRIP = NO;
				GCC_C_LANGUAGE_STANDARD = gnu99;
				GCC_DYNAMIC_NO_PIC = NO;
				GCC_OPTIMIZATION_LEVEL = 0;
				GCC_PREPROCESSOR_DEFINITIONS = (
					"DEBUG=1",
					"$(inherited)",
				);
				GCC_SYMBOLS_PRIVATE_EXTERN = NO;
				GCC_WARN_ABOUT_RETURN_TYPE = YES;
				GCC_WARN_UNINITIALIZED_AUTOS = YES;
				GCC_WARN_UNUSED_VARIABLE = YES;
				IPHONEOS_DEPLOYMENT_TARGET = 5.0;
				ONLY_ACTIVE_ARCH = YES;
				SDKROOT = iphoneos;
			};
			name = Debug;
		};
		95383BE917984F2700745084 /* Release */ = {
			isa = XCBuildConfiguration;
			buildSettings = {
				ALWAYS_SEARCH_USER_PATHS = NO;
				CLANG_CXX_LANGUAGE_STANDARD = "gnu++0x";
				CLANG_CXX_LIBRARY = "libc++";
				CLANG_ENABLE_OBJC_ARC = YES;
				CLANG_WARN_CONSTANT_CONVERSION = YES;
				CLANG_WARN_EMPTY_BODY = YES;
				CLANG_WARN_ENUM_CONVERSION = YES;
				CLANG_WARN_INT_CONVERSION = YES;
				CLANG_WARN__DUPLICATE_METHOD_MATCH = YES;
				"CODE_SIGN_IDENTITY[sdk=iphoneos*]" = "iPhone Developer";
				COPY_PHASE_STRIP = YES;
				GCC_C_LANGUAGE_STANDARD = gnu99;
				GCC_WARN_ABOUT_RETURN_TYPE = YES;
				GCC_WARN_UNINITIALIZED_AUTOS = YES;
				GCC_WARN_UNUSED_VARIABLE = YES;
				IPHONEOS_DEPLOYMENT_TARGET = 5.0;
				OTHER_CFLAGS = "-DNS_BLOCK_ASSERTIONS=1";
				SDKROOT = iphoneos;
				VALIDATE_PRODUCT = YES;
			};
			name = Release;
		};
		95383BEB17984F2700745084 /* Debug */ = {
			isa = XCBuildConfiguration;
			buildSettings = {
				CODE_SIGN_IDENTITY = "iPhone Developer: Matteo Pacini (H8D6U37462)";
				"CODE_SIGN_IDENTITY[sdk=iphoneos*]" = "iPhone Developer: Matteo Pacini (H8D6U37462)";
				DEPLOYMENT_POSTPROCESSING = YES;
				GCC_PRECOMPILE_PREFIX_HEADER = YES;
				GCC_PREFIX_HEADER = "DotA2Soundboard/DotA2Soundboard-Prefix.pch";
				INFOPLIST_FILE = "DotA2Soundboard/DotA2Soundboard-Info.plist";
				IPHONEOS_DEPLOYMENT_TARGET = 5.0;
				LIBRARY_SEARCH_PATHS = (
					"\"$(SRCROOT)/PayPalMobile\"",
					"\"$(SRCROOT)/TestFlight\"",
				);
				OTHER_LDFLAGS = (
					"-lc++",
					"-ObjC",
				);
				PRODUCT_NAME = "$(TARGET_NAME)";
				PROVISIONING_PROFILE = "C7A82954-F0CE-4350-A4C6-9C50528C9637";
				"PROVISIONING_PROFILE[sdk=iphoneos*]" = "C7A82954-F0CE-4350-A4C6-9C50528C9637";
				USER_HEADER_SEARCH_PATHS = "/Users/matteo/Desktop/DotA2Soundboard/Submodules/**";
				WRAPPER_EXTENSION = app;
			};
			name = Debug;
		};
		95383BEC17984F2700745084 /* Release */ = {
			isa = XCBuildConfiguration;
			buildSettings = {
				CODE_SIGN_IDENTITY = Jailbreak;
				"CODE_SIGN_IDENTITY[sdk=iphoneos*]" = Jailbreak;
				DEPLOYMENT_POSTPROCESSING = YES;
				GCC_PRECOMPILE_PREFIX_HEADER = YES;
				GCC_PREFIX_HEADER = "DotA2Soundboard/DotA2Soundboard-Prefix.pch";
				INFOPLIST_FILE = "DotA2Soundboard/DotA2Soundboard-Info.plist";
				IPHONEOS_DEPLOYMENT_TARGET = 5.0;
				LIBRARY_SEARCH_PATHS = (
					"\"$(SRCROOT)/PayPalMobile\"",
					"\"$(SRCROOT)/TestFlight\"",
				);
				OTHER_LDFLAGS = (
					"-lc++",
					"-ObjC",
				);
				PRODUCT_NAME = "$(TARGET_NAME)";
				PROVISIONING_PROFILE = "";
				"PROVISIONING_PROFILE[sdk=iphoneos*]" = "";
				USER_HEADER_SEARCH_PATHS = "/Users/matteo/Desktop/DotA2Soundboard/Submodules/**";
				WRAPPER_EXTENSION = app;
			};
			name = Release;
		};
/* End XCBuildConfiguration section */

/* Begin XCConfigurationList section */
		95383BBF17984F2700745084 /* Build configuration list for PBXProject "DotA2Soundboard" */ = {
			isa = XCConfigurationList;
			buildConfigurations = (
				95383BE817984F2700745084 /* Debug */,
				95383BE917984F2700745084 /* Release */,
			);
			defaultConfigurationIsVisible = 0;
			defaultConfigurationName = Release;
		};
		95383BEA17984F2700745084 /* Build configuration list for PBXNativeTarget "DotA2Soundboard" */ = {
			isa = XCConfigurationList;
			buildConfigurations = (
				95383BEB17984F2700745084 /* Debug */,
				95383BEC17984F2700745084 /* Release */,
			);
			defaultConfigurationIsVisible = 0;
			defaultConfigurationName = Release;
		};
/* End XCConfigurationList section */
	};
	rootObject = 95383BBC17984F2700745084 /* Project object */;
}
